
Microsoft Visual Studio Solution File, Format Version 12.00
# Visual Studio Version 17
VisualStudioVersion = 17.2.32616.157
MinimumVisualStudioVersion = 10.0.40219.1
Project("{9A19103F-16F7-4668-BE54-9A1E7A4F7556}") = "AuthorizationService", "AuthorizationService.csproj", "{1CE1B6FC-ED60-4D5C-8216-403D1C431C4C}"
EndProject
Project("{9A19103F-16F7-4668-BE54-9A1E7A4F7556}") = "AuthorizationServiceTests", "..\AuthorizationServiceTests\AuthorizationServiceTests.csproj", "{8E73906B-9988-4247-B6F4-89965C9D6562}"
EndProject
Global
	GlobalSection(SolutionConfigurationPlatforms) = preSolution
		Debug|Any CPU = Debug|Any CPU
		Release|Any CPU = Release|Any CPU
	EndGlobalSection
	GlobalSection(ProjectConfigurationPlatforms) = postSolution
		{1CE1B6FC-ED60-4D5C-8216-403D1C431C4C}.Debug|Any CPU.ActiveCfg = Debug|Any CPU
		{1CE1B6FC-ED60-4D5C-8216-403D1C431C4C}.Debug|Any CPU.Build.0 = Debug|Any CPU
		{1CE1B6FC-ED60-4D5C-8216-403D1C431C4C}.Release|Any CPU.ActiveCfg = Release|Any CPU
		{1CE1B6FC-ED60-4D5C-8216-403D1C431C4C}.Release|Any CPU.Build.0 = Release|Any CPU
		{8E73906B-9988-4247-B6F4-89965C9D6562}.Debug|Any CPU.ActiveCfg = Debug|Any CPU
		{8E73906B-9988-4247-B6F4-89965C9D6562}.Debug|Any CPU.Build.0 = Debug|Any CPU
		{8E73906B-9988-4247-B6F4-89965C9D6562}.Release|Any CPU.ActiveCfg = Release|Any CPU
		{8E73906B-9988-4247-B6F4-89965C9D6562}.Release|Any CPU.Build.0 = Release|Any CPU
	EndGlobalSection
	GlobalSection(SolutionProperties) = preSolution
		HideSolutionNode = FALSE
	EndGlobalSection
	GlobalSection(ExtensibilityGlobals) = postSolution
		SolutionGuid = {3753EB9E-46BB-4233-BB25-D33D37857738}
	EndGlobalSection
EndGlobal
